
Microsoft Visual Studio Solution File, Format Version 12.00
# Visual Studio Version 17
VisualStudioVersion = 17.5.002.0
MinimumVisualStudioVersion = 10.0.40219.1
Project("{9A19103F-16F7-4668-BE54-9A1E7A4F7556}") = "CodeAndPuzzleProject", "CodeAndPuzzleProject.csproj", "{C2A85D13-A022-465F-B6F8-B6A7030E23CE}"
EndProject
Global
	GlobalSection(SolutionConfigurationPlatforms) = preSolution
		Debug|Any CPU = Debug|Any CPU
		Release|Any CPU = Release|Any CPU
	EndGlobalSection
	GlobalSection(ProjectConfigurationPlatforms) = postSolution
		{C2A85D13-A022-465F-B6F8-B6A7030E23CE}.Debug|Any CPU.ActiveCfg = Debug|Any CPU
		{C2A85D13-A022-465F-B6F8-B6A7030E23CE}.Debug|Any CPU.Build.0 = Debug|Any CPU
		{C2A85D13-A022-465F-B6F8-B6A7030E23CE}.Release|Any CPU.ActiveCfg = Release|Any CPU
		{C2A85D13-A022-465F-B6F8-B6A7030E23CE}.Release|Any CPU.Build.0 = Release|Any CPU
	EndGlobalSection
	GlobalSection(SolutionProperties) = preSolution
		HideSolutionNode = FALSE
	EndGlobalSection
	GlobalSection(ExtensibilityGlobals) = postSolution
		SolutionGuid = {D0D87A2C-D1F8-48EB-8C89-DA9C0B7A89FE}
	EndGlobalSection
EndGlobal
